
Microsoft Visual Studio Solution File, Format Version 12.00
# Visual Studio Version 16
VisualStudioVersion = 16.0.30523.141
MinimumVisualStudioVersion = 10.0.40219.1
Project("{FAE04EC0-301F-11D3-BF4B-00C04F79EFBC}") = "Cameo.Api", "Cameo.Api\Cameo.Api.csproj", "{2995D816-854D-4D23-9CC1-97463B195B1D}"
EndProject
Global
	GlobalSection(SolutionConfigurationPlatforms) = preSolution
		Debug|Any CPU = Debug|Any CPU
		Release|Any CPU = Release|Any CPU
	EndGlobalSection
	GlobalSection(ProjectConfigurationPlatforms) = postSolution
		{2995D816-854D-4D23-9CC1-97463B195B1D}.Debug|Any CPU.ActiveCfg = Debug|Any CPU
		{2995D816-854D-4D23-9CC1-97463B195B1D}.Debug|Any CPU.Build.0 = Debug|Any CPU
		{2995D816-854D-4D23-9CC1-97463B195B1D}.Release|Any CPU.ActiveCfg = Release|Any CPU
		{2995D816-854D-4D23-9CC1-97463B195B1D}.Release|Any CPU.Build.0 = Release|Any CPU
	EndGlobalSection
	GlobalSection(SolutionProperties) = preSolution
		HideSolutionNode = FALSE
	EndGlobalSection
	GlobalSection(ExtensibilityGlobals) = postSolution
		SolutionGuid = {370F22C5-C3F6-4A81-861E-2A01113BDF9F}
	EndGlobalSection
EndGlobal
